// !$*UTF8*$!
{
	archiveVersion = 1;
	classes = {
	};
	objectVersion = 55;
	objects = {

/* Begin PBXBuildFile section */
		18E258F39F8AB5FCE3DDD12B /* Pods_CapstoneDesign.framework in Frameworks */ = {isa = PBXBuildFile; fileRef = 6719773D2A53A8162AAB0CFD /* Pods_CapstoneDesign.framework */; };
		7611737D283F8336005141BF /* AddViewModel.swift in Sources */ = {isa = PBXBuildFile; fileRef = 7611737C283F8336005141BF /* AddViewModel.swift */; };
		7611737F283F97F8005141BF /* AddCell.swift in Sources */ = {isa = PBXBuildFile; fileRef = 7611737E283F97F8005141BF /* AddCell.swift */; };
		7641782E27C37B7D00F85BBD /* DetailFoodVC.swift in Sources */ = {isa = PBXBuildFile; fileRef = 7641782D27C37B7D00F85BBD /* DetailFoodVC.swift */; };
		764BFC7127E49E6400462C52 /* ShoppingListVC.swift in Sources */ = {isa = PBXBuildFile; fileRef = 764BFC7027E49E6400462C52 /* ShoppingListVC.swift */; };
		764BFC7327E49E7200462C52 /* CalendarVC.swift in Sources */ = {isa = PBXBuildFile; fileRef = 764BFC7227E49E7200462C52 /* CalendarVC.swift */; };
		764BFC7527E49E8200462C52 /* FriendsVC.swift in Sources */ = {isa = PBXBuildFile; fileRef = 764BFC7427E49E8200462C52 /* FriendsVC.swift */; };
		764BFC7727E49E8E00462C52 /* SettingsVC.swift in Sources */ = {isa = PBXBuildFile; fileRef = 764BFC7627E49E8E00462C52 /* SettingsVC.swift */; };
		7668AA4027E61317001109A9 /* ShowFriendVC.swift in Sources */ = {isa = PBXBuildFile; fileRef = 7668AA3F27E61317001109A9 /* ShowFriendVC.swift */; };
		766924E227969B0D00DB0795 /* AppDelegate.swift in Sources */ = {isa = PBXBuildFile; fileRef = 766924E127969B0D00DB0795 /* AppDelegate.swift */; };
		766924E427969B0D00DB0795 /* SceneDelegate.swift in Sources */ = {isa = PBXBuildFile; fileRef = 766924E327969B0D00DB0795 /* SceneDelegate.swift */; };
		766924E927969B0D00DB0795 /* Main.storyboard in Resources */ = {isa = PBXBuildFile; fileRef = 766924E727969B0D00DB0795 /* Main.storyboard */; };
		766924EB27969B0E00DB0795 /* Assets.xcassets in Resources */ = {isa = PBXBuildFile; fileRef = 766924EA27969B0E00DB0795 /* Assets.xcassets */; };
		766924EE27969B0E00DB0795 /* LaunchScreen.storyboard in Resources */ = {isa = PBXBuildFile; fileRef = 766924EC27969B0E00DB0795 /* LaunchScreen.storyboard */; };
		766924F62798076200DB0795 /* StartVC.swift in Sources */ = {isa = PBXBuildFile; fileRef = 766924F52798076200DB0795 /* StartVC.swift */; };
		766925042798278000DB0795 /* LoginAni.mp4 in Resources */ = {isa = PBXBuildFile; fileRef = 766925032798278000DB0795 /* LoginAni.mp4 */; };
		7669250A279AA1CD00DB0795 /* TMONBlack.ttf in Resources */ = {isa = PBXBuildFile; fileRef = 76692508279AA1CC00DB0795 /* TMONBlack.ttf */; };
		7669250B279AA1CD00DB0795 /* TMONTium.ttf in Resources */ = {isa = PBXBuildFile; fileRef = 76692509279AA1CC00DB0795 /* TMONTium.ttf */; };
		7669250D279AA67100DB0795 /* Style.swift in Sources */ = {isa = PBXBuildFile; fileRef = 7669250C279AA67000DB0795 /* Style.swift */; };
		7687A72727E73F2800860FDC /* CorrectFoodVC.swift in Sources */ = {isa = PBXBuildFile; fileRef = 7687A72627E73F2800860FDC /* CorrectFoodVC.swift */; };
		768B90BD27E62E9500DA84BB /* DetailFriendsFoodVC.swift in Sources */ = {isa = PBXBuildFile; fileRef = 768B90BC27E62E9500DA84BB /* DetailFriendsFoodVC.swift */; };
		7690110727D732D100E48FA4 /* AddSelectVC.swift in Sources */ = {isa = PBXBuildFile; fileRef = 7690110627D732D100E48FA4 /* AddSelectVC.swift */; };
		7690110927D8927E00E48FA4 /* SearchFoodVC.swift in Sources */ = {isa = PBXBuildFile; fileRef = 7690110827D8927E00E48FA4 /* SearchFoodVC.swift */; };
		769286EE279AC496003E66DC /* LoginVC.swift in Sources */ = {isa = PBXBuildFile; fileRef = 769286ED279AC495003E66DC /* LoginVC.swift */; };
		769286F0279AC4B5003E66DC /* RegisterVC.swift in Sources */ = {isa = PBXBuildFile; fileRef = 769286EF279AC4B5003E66DC /* RegisterVC.swift */; };
		76A49FF32838D5E400F84CF8 /* User.swift in Sources */ = {isa = PBXBuildFile; fileRef = 76A49FF22838D5E400F84CF8 /* User.swift */; };
		76A49FF52838D5F400F84CF8 /* Email.swift in Sources */ = {isa = PBXBuildFile; fileRef = 76A49FF42838D5F400F84CF8 /* Email.swift */; };
		76A49FF72838D60800F84CF8 /* Food.swift in Sources */ = {isa = PBXBuildFile; fileRef = 76A49FF62838D60800F84CF8 /* Food.swift */; };
		76A49FFB2838DBA800F84CF8 /* UserViewModel.swift in Sources */ = {isa = PBXBuildFile; fileRef = 76A49FFA2838DBA800F84CF8 /* UserViewModel.swift */; };
		76A49FFD2838DC0200F84CF8 /* EmailViewModel.swift in Sources */ = {isa = PBXBuildFile; fileRef = 76A49FFC2838DC0200F84CF8 /* EmailViewModel.swift */; };
		76A49FFF2838DD8800F84CF8 /* MainViewModel.swift in Sources */ = {isa = PBXBuildFile; fileRef = 76A49FFE2838DD8800F84CF8 /* MainViewModel.swift */; };
		76A4A0012838F0F400F84CF8 /* FriendsFoodViewModel.swift in Sources */ = {isa = PBXBuildFile; fileRef = 76A4A0002838F0F400F84CF8 /* FriendsFoodViewModel.swift */; };
		76A4A0032838F16D00F84CF8 /* ImageInfo.swift in Sources */ = {isa = PBXBuildFile; fileRef = 76A4A0022838F16D00F84CF8 /* ImageInfo.swift */; };
		76A4A00A2838F3B800F84CF8 /* CorrectCell.swift in Sources */ = {isa = PBXBuildFile; fileRef = 76A4A0092838F3B800F84CF8 /* CorrectCell.swift */; };
		76A4A00C2838F41C00F84CF8 /* ShoppingCell.swift in Sources */ = {isa = PBXBuildFile; fileRef = 76A4A00B2838F41C00F84CF8 /* ShoppingCell.swift */; };
		76A4A00E2838F44800F84CF8 /* CalendarCell.swift in Sources */ = {isa = PBXBuildFile; fileRef = 76A4A00D2838F44800F84CF8 /* CalendarCell.swift */; };
		76A4A0102838F4DE00F84CF8 /* FirendsFoodCell.swift in Sources */ = {isa = PBXBuildFile; fileRef = 76A4A00F2838F4DE00F84CF8 /* FirendsFoodCell.swift */; };
		76A4A0122838F56700F84CF8 /* SearchCell.swift in Sources */ = {isa = PBXBuildFile; fileRef = 76A4A0112838F56700F84CF8 /* SearchCell.swift */; };
		76AE242C282008F100CD68A2 /* Networking.swift in Sources */ = {isa = PBXBuildFile; fileRef = 76AE242B282008F100CD68A2 /* Networking.swift */; };
		76AE242E2820393100CD68A2 /* Address.swift in Sources */ = {isa = PBXBuildFile; fileRef = 76AE242D2820393100CD68A2 /* Address.swift */; };
		76C33F452819B5B100720E55 /* CameraVC.swift in Sources */ = {isa = PBXBuildFile; fileRef = 76C33F442819B5B100720E55 /* CameraVC.swift */; };
		76C39CC527DCCC5500AB46F6 /* SetAddFoodVC.swift in Sources */ = {isa = PBXBuildFile; fileRef = 76C39CC427DCCC5500AB46F6 /* SetAddFoodVC.swift */; };
		76C3DE2F2815773D002A3D61 /* SelectMenuVC.swift in Sources */ = {isa = PBXBuildFile; fileRef = 76C3DE2E2815773D002A3D61 /* SelectMenuVC.swift */; };
		76CF4FEE28394305005290D5 /* MyFoodCell.swift in Sources */ = {isa = PBXBuildFile; fileRef = 76CF4FEC28394305005290D5 /* MyFoodCell.swift */; };
		76CF4FEF28394305005290D5 /* MyFoodCell.xib in Resources */ = {isa = PBXBuildFile; fileRef = 76CF4FED28394305005290D5 /* MyFoodCell.xib */; };
		76D2ADEB27E845AF00A99865 /* CorrectDetailVC.swift in Sources */ = {isa = PBXBuildFile; fileRef = 76D2ADEA27E845AF00A99865 /* CorrectDetailVC.swift */; };
		76D44289279C07F80023233B /* CustomsideMenuNavigation.swift in Sources */ = {isa = PBXBuildFile; fileRef = 76D44288279C07F80023233B /* CustomsideMenuNavigation.swift */; };
		76D4428B279C08D20023233B /* MainVC.swift in Sources */ = {isa = PBXBuildFile; fileRef = 76D4428A279C08D20023233B /* MainVC.swift */; };
		76DAA1C527DF35B600D5C657 /* SetDetailFoodVC.swift in Sources */ = {isa = PBXBuildFile; fileRef = 76DAA1C427DF35B600D5C657 /* SetDetailFoodVC.swift */; };
		76E0C7A8283A582B001B023A /* RecipeCell.swift in Sources */ = {isa = PBXBuildFile; fileRef = 76E0C7A7283A582B001B023A /* RecipeCell.swift */; };
		76E0C7AA283A59C1001B023A /* Crawling.swift in Sources */ = {isa = PBXBuildFile; fileRef = 76E0C7A9283A59C1001B023A /* Crawling.swift */; };
		76E0C7AF283AB79B001B023A /* RecipeViewModel.swift in Sources */ = {isa = PBXBuildFile; fileRef = 76E0C7AE283AB79B001B023A /* RecipeViewModel.swift */; };
		76E0C7B1283ABEDA001B023A /* Recipe.swift in Sources */ = {isa = PBXBuildFile; fileRef = 76E0C7B0283ABEDA001B023A /* Recipe.swift */; };
		76E0C7B4283B8F34001B023A /* Alert.swift in Sources */ = {isa = PBXBuildFile; fileRef = 76E0C7B3283B8F34001B023A /* Alert.swift */; };
		76E0C7B6283B93C4001B023A /* Translator.swift in Sources */ = {isa = PBXBuildFile; fileRef = 76E0C7B5283B93C4001B023A /* Translator.swift */; };
		76E0C7B8283B976A001B023A /* CorrectViewModel.swift in Sources */ = {isa = PBXBuildFile; fileRef = 76E0C7B7283B976A001B023A /* CorrectViewModel.swift */; };
		76E0C7BA283BA677001B023A /* FoodManager.swift in Sources */ = {isa = PBXBuildFile; fileRef = 76E0C7B9283BA677001B023A /* FoodManager.swift */; };
		76E6648C27EA2B1C0047188A /* WebKitVC.swift in Sources */ = {isa = PBXBuildFile; fileRef = 76E6648B27EA2B1C0047188A /* WebKitVC.swift */; };
		76EA1C6727F04B22005D8809 /* RecipeVC.swift in Sources */ = {isa = PBXBuildFile; fileRef = 76EA1C6627F04B22005D8809 /* RecipeVC.swift */; };
		76F4007227E31866001BDFAA /* Models.swift in Sources */ = {isa = PBXBuildFile; fileRef = 76F4007127E31866001BDFAA /* Models.swift */; };
/* End PBXBuildFile section */

/* Begin PBXFileReference section */
		0DA6DA06F15FD6A809E609CA /* Pods-CapstoneDesign.release.xcconfig */ = {isa = PBXFileReference; includeInIndex = 1; lastKnownFileType = text.xcconfig; name = "Pods-CapstoneDesign.release.xcconfig"; path = "Target Support Files/Pods-CapstoneDesign/Pods-CapstoneDesign.release.xcconfig"; sourceTree = "<group>"; };
		6719773D2A53A8162AAB0CFD /* Pods_CapstoneDesign.framework */ = {isa = PBXFileReference; explicitFileType = wrapper.framework; includeInIndex = 0; path = Pods_CapstoneDesign.framework; sourceTree = BUILT_PRODUCTS_DIR; };
		7611737C283F8336005141BF /* AddViewModel.swift */ = {isa = PBXFileReference; lastKnownFileType = sourcecode.swift; path = AddViewModel.swift; sourceTree = "<group>"; };
		7611737E283F97F8005141BF /* AddCell.swift */ = {isa = PBXFileReference; lastKnownFileType = sourcecode.swift; path = AddCell.swift; sourceTree = "<group>"; };
		7641782D27C37B7D00F85BBD /* DetailFoodVC.swift */ = {isa = PBXFileReference; lastKnownFileType = sourcecode.swift; path = DetailFoodVC.swift; sourceTree = "<group>"; };
		764BFC7027E49E6400462C52 /* ShoppingListVC.swift */ = {isa = PBXFileReference; lastKnownFileType = sourcecode.swift; path = ShoppingListVC.swift; sourceTree = "<group>"; };
		764BFC7227E49E7200462C52 /* CalendarVC.swift */ = {isa = PBXFileReference; lastKnownFileType = sourcecode.swift; path = CalendarVC.swift; sourceTree = "<group>"; };
		764BFC7427E49E8200462C52 /* FriendsVC.swift */ = {isa = PBXFileReference; lastKnownFileType = sourcecode.swift; path = FriendsVC.swift; sourceTree = "<group>"; };
		764BFC7627E49E8E00462C52 /* SettingsVC.swift */ = {isa = PBXFileReference; lastKnownFileType = sourcecode.swift; path = SettingsVC.swift; sourceTree = "<group>"; };
		7668AA3F27E61317001109A9 /* ShowFriendVC.swift */ = {isa = PBXFileReference; lastKnownFileType = sourcecode.swift; path = ShowFriendVC.swift; sourceTree = "<group>"; };
		766924DE27969B0D00DB0795 /* CapstoneDesign.app */ = {isa = PBXFileReference; explicitFileType = wrapper.application; includeInIndex = 0; path = CapstoneDesign.app; sourceTree = BUILT_PRODUCTS_DIR; };
		766924E127969B0D00DB0795 /* AppDelegate.swift */ = {isa = PBXFileReference; lastKnownFileType = sourcecode.swift; path = AppDelegate.swift; sourceTree = "<group>"; };
		766924E327969B0D00DB0795 /* SceneDelegate.swift */ = {isa = PBXFileReference; lastKnownFileType = sourcecode.swift; path = SceneDelegate.swift; sourceTree = "<group>"; };
		766924E827969B0D00DB0795 /* Base */ = {isa = PBXFileReference; lastKnownFileType = file.storyboard; name = Base; path = Base.lproj/Main.storyboard; sourceTree = "<group>"; };
		766924EA27969B0E00DB0795 /* Assets.xcassets */ = {isa = PBXFileReference; lastKnownFileType = folder.assetcatalog; path = Assets.xcassets; sourceTree = "<group>"; };
		766924ED27969B0E00DB0795 /* Base */ = {isa = PBXFileReference; lastKnownFileType = file.storyboard; name = Base; path = Base.lproj/LaunchScreen.storyboard; sourceTree = "<group>"; };
		766924EF27969B0E00DB0795 /* Info.plist */ = {isa = PBXFileReference; lastKnownFileType = text.plist.xml; path = Info.plist; sourceTree = "<group>"; };
		766924F52798076200DB0795 /* StartVC.swift */ = {isa = PBXFileReference; lastKnownFileType = sourcecode.swift; path = StartVC.swift; sourceTree = "<group>"; };
		766925032798278000DB0795 /* LoginAni.mp4 */ = {isa = PBXFileReference; lastKnownFileType = file; path = LoginAni.mp4; sourceTree = "<group>"; };
		76692508279AA1CC00DB0795 /* TMONBlack.ttf */ = {isa = PBXFileReference; lastKnownFileType = file; path = TMONBlack.ttf; sourceTree = "<group>"; };
		76692509279AA1CC00DB0795 /* TMONTium.ttf */ = {isa = PBXFileReference; lastKnownFileType = file; path = TMONTium.ttf; sourceTree = "<group>"; };
		7669250C279AA67000DB0795 /* Style.swift */ = {isa = PBXFileReference; lastKnownFileType = sourcecode.swift; path = Style.swift; sourceTree = "<group>"; };
		7687A72627E73F2800860FDC /* CorrectFoodVC.swift */ = {isa = PBXFileReference; lastKnownFileType = sourcecode.swift; path = CorrectFoodVC.swift; sourceTree = "<group>"; };
		768B90BC27E62E9500DA84BB /* DetailFriendsFoodVC.swift */ = {isa = PBXFileReference; lastKnownFileType = sourcecode.swift; path = DetailFriendsFoodVC.swift; sourceTree = "<group>"; };
		7690110627D732D100E48FA4 /* AddSelectVC.swift */ = {isa = PBXFileReference; lastKnownFileType = sourcecode.swift; path = AddSelectVC.swift; sourceTree = "<group>"; };
		7690110827D8927E00E48FA4 /* SearchFoodVC.swift */ = {isa = PBXFileReference; lastKnownFileType = sourcecode.swift; path = SearchFoodVC.swift; sourceTree = "<group>"; };
		769286ED279AC495003E66DC /* LoginVC.swift */ = {isa = PBXFileReference; lastKnownFileType = sourcecode.swift; path = LoginVC.swift; sourceTree = "<group>"; };
		769286EF279AC4B5003E66DC /* RegisterVC.swift */ = {isa = PBXFileReference; lastKnownFileType = sourcecode.swift; path = RegisterVC.swift; sourceTree = "<group>"; };
		76A49FF22838D5E400F84CF8 /* User.swift */ = {isa = PBXFileReference; lastKnownFileType = sourcecode.swift; path = User.swift; sourceTree = "<group>"; };
		76A49FF42838D5F400F84CF8 /* Email.swift */ = {isa = PBXFileReference; lastKnownFileType = sourcecode.swift; path = Email.swift; sourceTree = "<group>"; };
		76A49FF62838D60800F84CF8 /* Food.swift */ = {isa = PBXFileReference; lastKnownFileType = sourcecode.swift; path = Food.swift; sourceTree = "<group>"; };
		76A49FFA2838DBA800F84CF8 /* UserViewModel.swift */ = {isa = PBXFileReference; lastKnownFileType = sourcecode.swift; path = UserViewModel.swift; sourceTree = "<group>"; };
		76A49FFC2838DC0200F84CF8 /* EmailViewModel.swift */ = {isa = PBXFileReference; lastKnownFileType = sourcecode.swift; path = EmailViewModel.swift; sourceTree = "<group>"; };
		76A49FFE2838DD8800F84CF8 /* MainViewModel.swift */ = {isa = PBXFileReference; lastKnownFileType = sourcecode.swift; path = MainViewModel.swift; sourceTree = "<group>"; };
		76A4A0002838F0F400F84CF8 /* FriendsFoodViewModel.swift */ = {isa = PBXFileReference; lastKnownFileType = sourcecode.swift; path = FriendsFoodViewModel.swift; sourceTree = "<group>"; };
		76A4A0022838F16D00F84CF8 /* ImageInfo.swift */ = {isa = PBXFileReference; lastKnownFileType = sourcecode.swift; path = ImageInfo.swift; sourceTree = "<group>"; };
		76A4A0092838F3B800F84CF8 /* CorrectCell.swift */ = {isa = PBXFileReference; lastKnownFileType = sourcecode.swift; path = CorrectCell.swift; sourceTree = "<group>"; };
		76A4A00B2838F41C00F84CF8 /* ShoppingCell.swift */ = {isa = PBXFileReference; lastKnownFileType = sourcecode.swift; path = ShoppingCell.swift; sourceTree = "<group>"; };
		76A4A00D2838F44800F84CF8 /* CalendarCell.swift */ = {isa = PBXFileReference; lastKnownFileType = sourcecode.swift; path = CalendarCell.swift; sourceTree = "<group>"; };
		76A4A00F2838F4DE00F84CF8 /* FirendsFoodCell.swift */ = {isa = PBXFileReference; lastKnownFileType = sourcecode.swift; path = FirendsFoodCell.swift; sourceTree = "<group>"; };
		76A4A0112838F56700F84CF8 /* SearchCell.swift */ = {isa = PBXFileReference; lastKnownFileType = sourcecode.swift; path = SearchCell.swift; sourceTree = "<group>"; };
		76AE242B282008F100CD68A2 /* Networking.swift */ = {isa = PBXFileReference; lastKnownFileType = sourcecode.swift; path = Networking.swift; sourceTree = "<group>"; };
		76AE242D2820393100CD68A2 /* Address.swift */ = {isa = PBXFileReference; lastKnownFileType = sourcecode.swift; path = Address.swift; sourceTree = "<group>"; };
		76C33F442819B5B100720E55 /* CameraVC.swift */ = {isa = PBXFileReference; lastKnownFileType = sourcecode.swift; path = CameraVC.swift; sourceTree = "<group>"; };
		76C39CC427DCCC5500AB46F6 /* SetAddFoodVC.swift */ = {isa = PBXFileReference; lastKnownFileType = sourcecode.swift; path = SetAddFoodVC.swift; sourceTree = "<group>"; };
		76C3DE2E2815773D002A3D61 /* SelectMenuVC.swift */ = {isa = PBXFileReference; lastKnownFileType = sourcecode.swift; path = SelectMenuVC.swift; sourceTree = "<group>"; };
		76CF4FEC28394305005290D5 /* MyFoodCell.swift */ = {isa = PBXFileReference; lastKnownFileType = sourcecode.swift; path = MyFoodCell.swift; sourceTree = "<group>"; };
		76CF4FED28394305005290D5 /* MyFoodCell.xib */ = {isa = PBXFileReference; lastKnownFileType = file.xib; path = MyFoodCell.xib; sourceTree = "<group>"; };
		76D2ADEA27E845AF00A99865 /* CorrectDetailVC.swift */ = {isa = PBXFileReference; lastKnownFileType = sourcecode.swift; path = CorrectDetailVC.swift; sourceTree = "<group>"; };
		76D44288279C07F80023233B /* CustomsideMenuNavigation.swift */ = {isa = PBXFileReference; lastKnownFileType = sourcecode.swift; path = CustomsideMenuNavigation.swift; sourceTree = "<group>"; };
		76D4428A279C08D20023233B /* MainVC.swift */ = {isa = PBXFileReference; lastKnownFileType = sourcecode.swift; path = MainVC.swift; sourceTree = "<group>"; };
		76DAA1C427DF35B600D5C657 /* SetDetailFoodVC.swift */ = {isa = PBXFileReference; lastKnownFileType = sourcecode.swift; path = SetDetailFoodVC.swift; sourceTree = "<group>"; };
		76E0C7A7283A582B001B023A /* RecipeCell.swift */ = {isa = PBXFileReference; lastKnownFileType = sourcecode.swift; path = RecipeCell.swift; sourceTree = "<group>"; };
		76E0C7A9283A59C1001B023A /* Crawling.swift */ = {isa = PBXFileReference; lastKnownFileType = sourcecode.swift; path = Crawling.swift; sourceTree = "<group>"; };
		76E0C7AE283AB79B001B023A /* RecipeViewModel.swift */ = {isa = PBXFileReference; lastKnownFileType = sourcecode.swift; path = RecipeViewModel.swift; sourceTree = "<group>"; };
		76E0C7B0283ABEDA001B023A /* Recipe.swift */ = {isa = PBXFileReference; lastKnownFileType = sourcecode.swift; path = Recipe.swift; sourceTree = "<group>"; };
		76E0C7B3283B8F34001B023A /* Alert.swift */ = {isa = PBXFileReference; lastKnownFileType = sourcecode.swift; path = Alert.swift; sourceTree = "<group>"; };
		76E0C7B5283B93C4001B023A /* Translator.swift */ = {isa = PBXFileReference; lastKnownFileType = sourcecode.swift; path = Translator.swift; sourceTree = "<group>"; };
		76E0C7B7283B976A001B023A /* CorrectViewModel.swift */ = {isa = PBXFileReference; lastKnownFileType = sourcecode.swift; path = CorrectViewModel.swift; sourceTree = "<group>"; };
		76E0C7B9283BA677001B023A /* FoodManager.swift */ = {isa = PBXFileReference; lastKnownFileType = sourcecode.swift; path = FoodManager.swift; sourceTree = "<group>"; };
		76E6648B27EA2B1C0047188A /* WebKitVC.swift */ = {isa = PBXFileReference; lastKnownFileType = sourcecode.swift; path = WebKitVC.swift; sourceTree = "<group>"; };
		76EA1C6627F04B22005D8809 /* RecipeVC.swift */ = {isa = PBXFileReference; lastKnownFileType = sourcecode.swift; path = RecipeVC.swift; sourceTree = "<group>"; };
		76F4007127E31866001BDFAA /* Models.swift */ = {isa = PBXFileReference; lastKnownFileType = sourcecode.swift; path = Models.swift; sourceTree = "<group>"; };
		EA6D576D8839EE8824E46B34 /* Pods-CapstoneDesign.debug.xcconfig */ = {isa = PBXFileReference; includeInIndex = 1; lastKnownFileType = text.xcconfig; name = "Pods-CapstoneDesign.debug.xcconfig"; path = "Target Support Files/Pods-CapstoneDesign/Pods-CapstoneDesign.debug.xcconfig"; sourceTree = "<group>"; };
/* End PBXFileReference section */

/* Begin PBXFrameworksBuildPhase section */
		766924DB27969B0D00DB0795 /* Frameworks */ = {
			isa = PBXFrameworksBuildPhase;
			buildActionMask = 2147483647;
			files = (
				18E258F39F8AB5FCE3DDD12B /* Pods_CapstoneDesign.framework in Frameworks */,
			);
			runOnlyForDeploymentPostprocessing = 0;
		};
/* End PBXFrameworksBuildPhase section */

/* Begin PBXGroup section */
		049ED6F458F0CD0EE95B425A /* Pods */ = {
			isa = PBXGroup;
			children = (
				EA6D576D8839EE8824E46B34 /* Pods-CapstoneDesign.debug.xcconfig */,
				0DA6DA06F15FD6A809E609CA /* Pods-CapstoneDesign.release.xcconfig */,
			);
			path = Pods;
			sourceTree = "<group>";
		};
		2577E137FE3B01C23E7E2214 /* Frameworks */ = {
			isa = PBXGroup;
			children = (
				6719773D2A53A8162AAB0CFD /* Pods_CapstoneDesign.framework */,
			);
			name = Frameworks;
			sourceTree = "<group>";
		};
		764BFC6C27E49DBB00462C52 /* Main */ = {
			isa = PBXGroup;
			children = (
				76D4428A279C08D20023233B /* MainVC.swift */,
				7641782D27C37B7D00F85BBD /* DetailFoodVC.swift */,
				76EA1C6627F04B22005D8809 /* RecipeVC.swift */,
				76E6648B27EA2B1C0047188A /* WebKitVC.swift */,
				76D2ADE927E8456F00A99865 /* Correct */,
				764BFC6F27E49E3500462C52 /* SideMenu */,
				764BFC6E27E49E0E00462C52 /* AddFood */,
			);
			path = Main;
			sourceTree = "<group>";
		};
		764BFC6D27E49DD800462C52 /* Login */ = {
			isa = PBXGroup;
			children = (
				769286ED279AC495003E66DC /* LoginVC.swift */,
				769286EF279AC4B5003E66DC /* RegisterVC.swift */,
			);
			path = Login;
			sourceTree = "<group>";
		};
		764BFC6E27E49E0E00462C52 /* AddFood */ = {
			isa = PBXGroup;
			children = (
				7690110627D732D100E48FA4 /* AddSelectVC.swift */,
				76C33F442819B5B100720E55 /* CameraVC.swift */,
				7690110827D8927E00E48FA4 /* SearchFoodVC.swift */,
				76C39CC427DCCC5500AB46F6 /* SetAddFoodVC.swift */,
				76DAA1C427DF35B600D5C657 /* SetDetailFoodVC.swift */,
			);
			path = AddFood;
			sourceTree = "<group>";
		};
		764BFC6F27E49E3500462C52 /* SideMenu */ = {
			isa = PBXGroup;
			children = (
				76C3DE2E2815773D002A3D61 /* SelectMenuVC.swift */,
				764BFC7027E49E6400462C52 /* ShoppingListVC.swift */,
				764BFC7227E49E7200462C52 /* CalendarVC.swift */,
				764BFC7427E49E8200462C52 /* FriendsVC.swift */,
				7668AA3F27E61317001109A9 /* ShowFriendVC.swift */,
				768B90BC27E62E9500DA84BB /* DetailFriendsFoodVC.swift */,
				764BFC7627E49E8E00462C52 /* SettingsVC.swift */,
			);
			path = SideMenu;
			sourceTree = "<group>";
		};
		766924D527969B0D00DB0795 = {
			isa = PBXGroup;
			children = (
				766924E027969B0D00DB0795 /* CapstoneDesign */,
				766924DF27969B0D00DB0795 /* Products */,
				049ED6F458F0CD0EE95B425A /* Pods */,
				2577E137FE3B01C23E7E2214 /* Frameworks */,
			);
			sourceTree = "<group>";
		};
		766924DF27969B0D00DB0795 /* Products */ = {
			isa = PBXGroup;
			children = (
				766924DE27969B0D00DB0795 /* CapstoneDesign.app */,
			);
			name = Products;
			sourceTree = "<group>";
		};
		766924E027969B0D00DB0795 /* CapstoneDesign */ = {
			isa = PBXGroup;
			children = (
				76E0C7B2283B8F0B001B023A /* Uitility */,
				76A4A0042838F18E00F84CF8 /* Cell */,
				76A49FF92838DB6400F84CF8 /* Networking */,
				76A49FF82838DB1200F84CF8 /* ViewModel */,
				76AE24292820086E00CD68A2 /* Models */,
				76C3DE2D2815545D002A3D61 /* Style */,
				76D44287279C07A90023233B /* Delegates */,
				76D44286279C07800023233B /* ViewControllers */,
				76692507279AA1AD00DB0795 /* Fonts */,
				766924E727969B0D00DB0795 /* Main.storyboard */,
				766924EA27969B0E00DB0795 /* Assets.xcassets */,
				766925032798278000DB0795 /* LoginAni.mp4 */,
				766924EC27969B0E00DB0795 /* LaunchScreen.storyboard */,
				766924EF27969B0E00DB0795 /* Info.plist */,
			);
			path = CapstoneDesign;
			sourceTree = "<group>";
		};
		76692507279AA1AD00DB0795 /* Fonts */ = {
			isa = PBXGroup;
			children = (
				76692508279AA1CC00DB0795 /* TMONBlack.ttf */,
				76692509279AA1CC00DB0795 /* TMONTium.ttf */,
			);
			path = Fonts;
			sourceTree = "<group>";
		};
		76A49FF82838DB1200F84CF8 /* ViewModel */ = {
			isa = PBXGroup;
			children = (
				76A49FFA2838DBA800F84CF8 /* UserViewModel.swift */,
				76A49FFC2838DC0200F84CF8 /* EmailViewModel.swift */,
				76A49FFE2838DD8800F84CF8 /* MainViewModel.swift */,
				76A4A0002838F0F400F84CF8 /* FriendsFoodViewModel.swift */,
				76E0C7AE283AB79B001B023A /* RecipeViewModel.swift */,
				76E0C7B7283B976A001B023A /* CorrectViewModel.swift */,
				7611737C283F8336005141BF /* AddViewModel.swift */,
			);
			path = ViewModel;
			sourceTree = "<group>";
		};
		76A49FF92838DB6400F84CF8 /* Networking */ = {
			isa = PBXGroup;
			children = (
				76AE242B282008F100CD68A2 /* Networking.swift */,
				76AE242D2820393100CD68A2 /* Address.swift */,
				76E0C7A9283A59C1001B023A /* Crawling.swift */,
			);
			path = Networking;
			sourceTree = "<group>";
		};
		76A4A0042838F18E00F84CF8 /* Cell */ = {
			isa = PBXGroup;
			children = (
				76A4A00B2838F41C00F84CF8 /* ShoppingCell.swift */,
				76A4A00D2838F44800F84CF8 /* CalendarCell.swift */,
				76A4A00F2838F4DE00F84CF8 /* FirendsFoodCell.swift */,
				76CF4FEC28394305005290D5 /* MyFoodCell.swift */,
				76CF4FED28394305005290D5 /* MyFoodCell.xib */,
				76E0C7A7283A582B001B023A /* RecipeCell.swift */,
				76A4A0092838F3B800F84CF8 /* CorrectCell.swift */,
				76A4A0112838F56700F84CF8 /* SearchCell.swift */,
				7611737E283F97F8005141BF /* AddCell.swift */,
			);
			path = Cell;
			sourceTree = "<group>";
		};
		76AE24292820086E00CD68A2 /* Models */ = {
			isa = PBXGroup;
			children = (
				76F4007127E31866001BDFAA /* Models.swift */,
				76A49FF22838D5E400F84CF8 /* User.swift */,
				76A49FF42838D5F400F84CF8 /* Email.swift */,
				76A49FF62838D60800F84CF8 /* Food.swift */,
				76E0C7B0283ABEDA001B023A /* Recipe.swift */,
				76A4A0022838F16D00F84CF8 /* ImageInfo.swift */,
			);
			path = Models;
			sourceTree = "<group>";
		};
		76C3DE2D2815545D002A3D61 /* Style */ = {
			isa = PBXGroup;
			children = (
				7669250C279AA67000DB0795 /* Style.swift */,
				76D44288279C07F80023233B /* CustomsideMenuNavigation.swift */,
			);
			path = Style;
			sourceTree = "<group>";
		};
		76D2ADE927E8456F00A99865 /* Correct */ = {
			isa = PBXGroup;
			children = (
				7687A72627E73F2800860FDC /* CorrectFoodVC.swift */,
				76D2ADEA27E845AF00A99865 /* CorrectDetailVC.swift */,
			);
			path = Correct;
			sourceTree = "<group>";
		};
		76D44286279C07800023233B /* ViewControllers */ = {
			isa = PBXGroup;
			children = (
				766924F52798076200DB0795 /* StartVC.swift */,
				764BFC6D27E49DD800462C52 /* Login */,
				764BFC6C27E49DBB00462C52 /* Main */,
			);
			path = ViewControllers;
			sourceTree = "<group>";
		};
		76D44287279C07A90023233B /* Delegates */ = {
			isa = PBXGroup;
			children = (
				766924E127969B0D00DB0795 /* AppDelegate.swift */,
				766924E327969B0D00DB0795 /* SceneDelegate.swift */,
			);
			path = Delegates;
			sourceTree = "<group>";
		};
		76E0C7B2283B8F0B001B023A /* Uitility */ = {
			isa = PBXGroup;
			children = (
				76E0C7B9283BA677001B023A /* FoodManager.swift */,
				76E0C7B3283B8F34001B023A /* Alert.swift */,
				76E0C7B5283B93C4001B023A /* Translator.swift */,
			);
			path = Uitility;
			sourceTree = "<group>";
		};
/* End PBXGroup section */

/* Begin PBXNativeTarget section */
		766924DD27969B0D00DB0795 /* CapstoneDesign */ = {
			isa = PBXNativeTarget;
			buildConfigurationList = 766924F227969B0E00DB0795 /* Build configuration list for PBXNativeTarget "CapstoneDesign" */;
			buildPhases = (
				4A3D7755C65F7232FE9BFCFA /* [CP] Check Pods Manifest.lock */,
				766924DA27969B0D00DB0795 /* Sources */,
				766924DB27969B0D00DB0795 /* Frameworks */,
				766924DC27969B0D00DB0795 /* Resources */,
				A97B8EF17FFA9C3FCE746720 /* [CP] Embed Pods Frameworks */,
			);
			buildRules = (
			);
			dependencies = (
			);
			name = CapstoneDesign;
			productName = CapstoneDesign;
			productReference = 766924DE27969B0D00DB0795 /* CapstoneDesign.app */;
			productType = "com.apple.product-type.application";
		};
/* End PBXNativeTarget section */

/* Begin PBXProject section */
		766924D627969B0D00DB0795 /* Project object */ = {
			isa = PBXProject;
			attributes = {
				BuildIndependentTargetsInParallel = 1;
				LastSwiftUpdateCheck = 1320;
				LastUpgradeCheck = 1320;
				TargetAttributes = {
					766924DD27969B0D00DB0795 = {
						CreatedOnToolsVersion = 13.2.1;
					};
				};
			};
			buildConfigurationList = 766924D927969B0D00DB0795 /* Build configuration list for PBXProject "CapstoneDesign" */;
			compatibilityVersion = "Xcode 13.0";
			developmentRegion = en;
			hasScannedForEncodings = 0;
			knownRegions = (
				en,
				Base,
			);
			mainGroup = 766924D527969B0D00DB0795;
			productRefGroup = 766924DF27969B0D00DB0795 /* Products */;
			projectDirPath = "";
			projectRoot = "";
			targets = (
				766924DD27969B0D00DB0795 /* CapstoneDesign */,
			);
		};
/* End PBXProject section */

/* Begin PBXResourcesBuildPhase section */
		766924DC27969B0D00DB0795 /* Resources */ = {
			isa = PBXResourcesBuildPhase;
			buildActionMask = 2147483647;
			files = (
				766925042798278000DB0795 /* LoginAni.mp4 in Resources */,
				766924EE27969B0E00DB0795 /* LaunchScreen.storyboard in Resources */,
				766924EB27969B0E00DB0795 /* Assets.xcassets in Resources */,
				766924E927969B0D00DB0795 /* Main.storyboard in Resources */,
				7669250A279AA1CD00DB0795 /* TMONBlack.ttf in Resources */,
				7669250B279AA1CD00DB0795 /* TMONTium.ttf in Resources */,
				76CF4FEF28394305005290D5 /* MyFoodCell.xib in Resources */,
			);
			runOnlyForDeploymentPostprocessing = 0;
		};
/* End PBXResourcesBuildPhase section */

/* Begin PBXShellScriptBuildPhase section */
		4A3D7755C65F7232FE9BFCFA /* [CP] Check Pods Manifest.lock */ = {
			isa = PBXShellScriptBuildPhase;
			buildActionMask = 2147483647;
			files = (
			);
			inputFileListPaths = (
			);
			inputPaths = (
				"${PODS_PODFILE_DIR_PATH}/Podfile.lock",
				"${PODS_ROOT}/Manifest.lock",
			);
			name = "[CP] Check Pods Manifest.lock";
			outputFileListPaths = (
			);
			outputPaths = (
				"$(DERIVED_FILE_DIR)/Pods-CapstoneDesign-checkManifestLockResult.txt",
			);
			runOnlyForDeploymentPostprocessing = 0;
			shellPath = /bin/sh;
			shellScript = "diff \"${PODS_PODFILE_DIR_PATH}/Podfile.lock\" \"${PODS_ROOT}/Manifest.lock\" > /dev/null\nif [ $? != 0 ] ; then\n    # print error to STDERR\n    echo \"error: The sandbox is not in sync with the Podfile.lock. Run 'pod install' or update your CocoaPods installation.\" >&2\n    exit 1\nfi\n# This output is used by Xcode 'outputs' to avoid re-running this script phase.\necho \"SUCCESS\" > \"${SCRIPT_OUTPUT_FILE_0}\"\n";
			showEnvVarsInLog = 0;
		};
		A97B8EF17FFA9C3FCE746720 /* [CP] Embed Pods Frameworks */ = {
			isa = PBXShellScriptBuildPhase;
			buildActionMask = 2147483647;
			files = (
			);
			inputFileListPaths = (
				"${PODS_ROOT}/Target Support Files/Pods-CapstoneDesign/Pods-CapstoneDesign-frameworks-${CONFIGURATION}-input-files.xcfilelist",
			);
			name = "[CP] Embed Pods Frameworks";
			outputFileListPaths = (
				"${PODS_ROOT}/Target Support Files/Pods-CapstoneDesign/Pods-CapstoneDesign-frameworks-${CONFIGURATION}-output-files.xcfilelist",
			);
			runOnlyForDeploymentPostprocessing = 0;
			shellPath = /bin/sh;
			shellScript = "\"${PODS_ROOT}/Target Support Files/Pods-CapstoneDesign/Pods-CapstoneDesign-frameworks.sh\"\n";
			showEnvVarsInLog = 0;
		};
/* End PBXShellScriptBuildPhase section */

/* Begin PBXSourcesBuildPhase section */
		766924DA27969B0D00DB0795 /* Sources */ = {
			isa = PBXSourcesBuildPhase;
			buildActionMask = 2147483647;
			files = (
				766924F62798076200DB0795 /* StartVC.swift in Sources */,
				76A4A0122838F56700F84CF8 /* SearchCell.swift in Sources */,
				76A4A00E2838F44800F84CF8 /* CalendarCell.swift in Sources */,
				76A49FFB2838DBA800F84CF8 /* UserViewModel.swift in Sources */,
				76E0C7B4283B8F34001B023A /* Alert.swift in Sources */,
				7611737F283F97F8005141BF /* AddCell.swift in Sources */,
				76E0C7A8283A582B001B023A /* RecipeCell.swift in Sources */,
				76E0C7B1283ABEDA001B023A /* Recipe.swift in Sources */,
				764BFC7527E49E8200462C52 /* FriendsVC.swift in Sources */,
				76E0C7AF283AB79B001B023A /* RecipeViewModel.swift in Sources */,
				76A49FF52838D5F400F84CF8 /* Email.swift in Sources */,
				76A4A00C2838F41C00F84CF8 /* ShoppingCell.swift in Sources */,
				76E0C7BA283BA677001B023A /* FoodManager.swift in Sources */,
				7669250D279AA67100DB0795 /* Style.swift in Sources */,
				7690110727D732D100E48FA4 /* AddSelectVC.swift in Sources */,
				769286EE279AC496003E66DC /* LoginVC.swift in Sources */,
				76A49FF72838D60800F84CF8 /* Food.swift in Sources */,
				76A4A0012838F0F400F84CF8 /* FriendsFoodViewModel.swift in Sources */,
				7687A72727E73F2800860FDC /* CorrectFoodVC.swift in Sources */,
				76E6648C27EA2B1C0047188A /* WebKitVC.swift in Sources */,
				7641782E27C37B7D00F85BBD /* DetailFoodVC.swift in Sources */,
				764BFC7127E49E6400462C52 /* ShoppingListVC.swift in Sources */,
				76D44289279C07F80023233B /* CustomsideMenuNavigation.swift in Sources */,
				769286F0279AC4B5003E66DC /* RegisterVC.swift in Sources */,
				76A4A0102838F4DE00F84CF8 /* FirendsFoodCell.swift in Sources */,
				76EA1C6727F04B22005D8809 /* RecipeVC.swift in Sources */,
				7668AA4027E61317001109A9 /* ShowFriendVC.swift in Sources */,
				76DAA1C527DF35B600D5C657 /* SetDetailFoodVC.swift in Sources */,
				76AE242E2820393100CD68A2 /* Address.swift in Sources */,
				76E0C7B8283B976A001B023A /* CorrectViewModel.swift in Sources */,
				76F4007227E31866001BDFAA /* Models.swift in Sources */,
				76D2ADEB27E845AF00A99865 /* CorrectDetailVC.swift in Sources */,
				76A49FFF2838DD8800F84CF8 /* MainViewModel.swift in Sources */,
				7690110927D8927E00E48FA4 /* SearchFoodVC.swift in Sources */,
				76A4A00A2838F3B800F84CF8 /* CorrectCell.swift in Sources */,
				76C3DE2F2815773D002A3D61 /* SelectMenuVC.swift in Sources */,
				766924E227969B0D00DB0795 /* AppDelegate.swift in Sources */,
				76A4A0032838F16D00F84CF8 /* ImageInfo.swift in Sources */,
				76AE242C282008F100CD68A2 /* Networking.swift in Sources */,
				76CF4FEE28394305005290D5 /* MyFoodCell.swift in Sources */,
				76E0C7B6283B93C4001B023A /* Translator.swift in Sources */,
				76C33F452819B5B100720E55 /* CameraVC.swift in Sources */,
				76D4428B279C08D20023233B /* MainVC.swift in Sources */,
				76C39CC527DCCC5500AB46F6 /* SetAddFoodVC.swift in Sources */,
				764BFC7727E49E8E00462C52 /* SettingsVC.swift in Sources */,
				768B90BD27E62E9500DA84BB /* DetailFriendsFoodVC.swift in Sources */,
				764BFC7327E49E7200462C52 /* CalendarVC.swift in Sources */,
				76A49FFD2838DC0200F84CF8 /* EmailViewModel.swift in Sources */,
				76E0C7AA283A59C1001B023A /* Crawling.swift in Sources */,
				7611737D283F8336005141BF /* AddViewModel.swift in Sources */,
				76A49FF32838D5E400F84CF8 /* User.swift in Sources */,
				766924E427969B0D00DB0795 /* SceneDelegate.swift in Sources */,
			);
			runOnlyForDeploymentPostprocessing = 0;
		};
/* End PBXSourcesBuildPhase section */

/* Begin PBXVariantGroup section */
		766924E727969B0D00DB0795 /* Main.storyboard */ = {
			isa = PBXVariantGroup;
			children = (
				766924E827969B0D00DB0795 /* Base */,
			);
			name = Main.storyboard;
			sourceTree = "<group>";
		};
		766924EC27969B0E00DB0795 /* LaunchScreen.storyboard */ = {
			isa = PBXVariantGroup;
			children = (
				766924ED27969B0E00DB0795 /* Base */,
			);
			name = LaunchScreen.storyboard;
			sourceTree = "<group>";
		};
/* End PBXVariantGroup section */

/* Begin XCBuildConfiguration section */
		766924F027969B0E00DB0795 /* Debug */ = {
			isa = XCBuildConfiguration;
			buildSettings = {
				ALWAYS_SEARCH_USER_PATHS = NO;
				CLANG_ANALYZER_NONNULL = YES;
				CLANG_ANALYZER_NUMBER_OBJECT_CONVERSION = YES_AGGRESSIVE;
				CLANG_CXX_LANGUAGE_STANDARD = "gnu++17";
				CLANG_CXX_LIBRARY = "libc++";
				CLANG_ENABLE_MODULES = YES;
				CLANG_ENABLE_OBJC_ARC = YES;
				CLANG_ENABLE_OBJC_WEAK = YES;
				CLANG_WARN_BLOCK_CAPTURE_AUTORELEASING = YES;
				CLANG_WARN_BOOL_CONVERSION = YES;
				CLANG_WARN_COMMA = YES;
				CLANG_WARN_CONSTANT_CONVERSION = YES;
				CLANG_WARN_DEPRECATED_OBJC_IMPLEMENTATIONS = YES;
				CLANG_WARN_DIRECT_OBJC_ISA_USAGE = YES_ERROR;
				CLANG_WARN_DOCUMENTATION_COMMENTS = YES;
				CLANG_WARN_EMPTY_BODY = YES;
				CLANG_WARN_ENUM_CONVERSION = YES;
				CLANG_WARN_INFINITE_RECURSION = YES;
				CLANG_WARN_INT_CONVERSION = YES;
				CLANG_WARN_NON_LITERAL_NULL_CONVERSION = YES;
				CLANG_WARN_OBJC_IMPLICIT_RETAIN_SELF = YES;
				CLANG_WARN_OBJC_LITERAL_CONVERSION = YES;
				CLANG_WARN_OBJC_ROOT_CLASS = YES_ERROR;
				CLANG_WARN_QUOTED_INCLUDE_IN_FRAMEWORK_HEADER = YES;
				CLANG_WARN_RANGE_LOOP_ANALYSIS = YES;
				CLANG_WARN_STRICT_PROTOTYPES = YES;
				CLANG_WARN_SUSPICIOUS_MOVE = YES;
				CLANG_WARN_UNGUARDED_AVAILABILITY = YES_AGGRESSIVE;
				CLANG_WARN_UNREACHABLE_CODE = YES;
				CLANG_WARN__DUPLICATE_METHOD_MATCH = YES;
				COPY_PHASE_STRIP = NO;
				DEBUG_INFORMATION_FORMAT = dwarf;
				ENABLE_STRICT_OBJC_MSGSEND = YES;
				ENABLE_TESTABILITY = YES;
				GCC_C_LANGUAGE_STANDARD = gnu11;
				GCC_DYNAMIC_NO_PIC = NO;
				GCC_NO_COMMON_BLOCKS = YES;
				GCC_OPTIMIZATION_LEVEL = 0;
				GCC_PREPROCESSOR_DEFINITIONS = (
					"DEBUG=1",
					"$(inherited)",
				);
				GCC_WARN_64_TO_32_BIT_CONVERSION = YES;
				GCC_WARN_ABOUT_RETURN_TYPE = YES_ERROR;
				GCC_WARN_UNDECLARED_SELECTOR = YES;
				GCC_WARN_UNINITIALIZED_AUTOS = YES_AGGRESSIVE;
				GCC_WARN_UNUSED_FUNCTION = YES;
				GCC_WARN_UNUSED_VARIABLE = YES;
				IPHONEOS_DEPLOYMENT_TARGET = 15.2;
				MTL_ENABLE_DEBUG_INFO = INCLUDE_SOURCE;
				MTL_FAST_MATH = YES;
				ONLY_ACTIVE_ARCH = YES;
				SDKROOT = iphoneos;
				SWIFT_ACTIVE_COMPILATION_CONDITIONS = DEBUG;
				SWIFT_OPTIMIZATION_LEVEL = "-Onone";
			};
			name = Debug;
		};
		766924F127969B0E00DB0795 /* Release */ = {
			isa = XCBuildConfiguration;
			buildSettings = {
				ALWAYS_SEARCH_USER_PATHS = NO;
				CLANG_ANALYZER_NONNULL = YES;
				CLANG_ANALYZER_NUMBER_OBJECT_CONVERSION = YES_AGGRESSIVE;
				CLANG_CXX_LANGUAGE_STANDARD = "gnu++17";
				CLANG_CXX_LIBRARY = "libc++";
				CLANG_ENABLE_MODULES = YES;
				CLANG_ENABLE_OBJC_ARC = YES;
				CLANG_ENABLE_OBJC_WEAK = YES;
				CLANG_WARN_BLOCK_CAPTURE_AUTORELEASING = YES;
				CLANG_WARN_BOOL_CONVERSION = YES;
				CLANG_WARN_COMMA = YES;
				CLANG_WARN_CONSTANT_CONVERSION = YES;
				CLANG_WARN_DEPRECATED_OBJC_IMPLEMENTATIONS = YES;
				CLANG_WARN_DIRECT_OBJC_ISA_USAGE = YES_ERROR;
				CLANG_WARN_DOCUMENTATION_COMMENTS = YES;
				CLANG_WARN_EMPTY_BODY = YES;
				CLANG_WARN_ENUM_CONVERSION = YES;
				CLANG_WARN_INFINITE_RECURSION = YES;
				CLANG_WARN_INT_CONVERSION = YES;
				CLANG_WARN_NON_LITERAL_NULL_CONVERSION = YES;
				CLANG_WARN_OBJC_IMPLICIT_RETAIN_SELF = YES;
				CLANG_WARN_OBJC_LITERAL_CONVERSION = YES;
				CLANG_WARN_OBJC_ROOT_CLASS = YES_ERROR;
				CLANG_WARN_QUOTED_INCLUDE_IN_FRAMEWORK_HEADER = YES;
				CLANG_WARN_RANGE_LOOP_ANALYSIS = YES;
				CLANG_WARN_STRICT_PROTOTYPES = YES;
				CLANG_WARN_SUSPICIOUS_MOVE = YES;
				CLANG_WARN_UNGUARDED_AVAILABILITY = YES_AGGRESSIVE;
				CLANG_WARN_UNREACHABLE_CODE = YES;
				CLANG_WARN__DUPLICATE_METHOD_MATCH = YES;
				COPY_PHASE_STRIP = NO;
				DEBUG_INFORMATION_FORMAT = "dwarf-with-dsym";
				ENABLE_NS_ASSERTIONS = NO;
				ENABLE_STRICT_OBJC_MSGSEND = YES;
				GCC_C_LANGUAGE_STANDARD = gnu11;
				GCC_NO_COMMON_BLOCKS = YES;
				GCC_WARN_64_TO_32_BIT_CONVERSION = YES;
				GCC_WARN_ABOUT_RETURN_TYPE = YES_ERROR;
				GCC_WARN_UNDECLARED_SELECTOR = YES;
				GCC_WARN_UNINITIALIZED_AUTOS = YES_AGGRESSIVE;
				GCC_WARN_UNUSED_FUNCTION = YES;
				GCC_WARN_UNUSED_VARIABLE = YES;
				IPHONEOS_DEPLOYMENT_TARGET = 15.2;
				MTL_ENABLE_DEBUG_INFO = NO;
				MTL_FAST_MATH = YES;
				SDKROOT = iphoneos;
				SWIFT_COMPILATION_MODE = wholemodule;
				SWIFT_OPTIMIZATION_LEVEL = "-O";
				VALIDATE_PRODUCT = YES;
			};
			name = Release;
		};
		766924F327969B0E00DB0795 /* Debug */ = {
			isa = XCBuildConfiguration;
			baseConfigurationReference = EA6D576D8839EE8824E46B34 /* Pods-CapstoneDesign.debug.xcconfig */;
			buildSettings = {
				ASSETCATALOG_COMPILER_APPICON_NAME = AppIcon;
				ASSETCATALOG_COMPILER_GLOBAL_ACCENT_COLOR_NAME = AccentColor;
				CODE_SIGN_STYLE = Automatic;
				CURRENT_PROJECT_VERSION = 1;
				DEVELOPMENT_TEAM = Y7PRM9H29K;
				GENERATE_INFOPLIST_FILE = YES;
				INFOPLIST_FILE = CapstoneDesign/Info.plist;
				INFOPLIST_KEY_UIApplicationSupportsIndirectInputEvents = YES;
				INFOPLIST_KEY_UILaunchStoryboardName = LaunchScreen;
				INFOPLIST_KEY_UIMainStoryboardFile = Main;
				INFOPLIST_KEY_UISupportedInterfaceOrientations_iPad = "UIInterfaceOrientationPortrait UIInterfaceOrientationPortraitUpsideDown UIInterfaceOrientationLandscapeLeft UIInterfaceOrientationLandscapeRight";
				INFOPLIST_KEY_UISupportedInterfaceOrientations_iPhone = "UIInterfaceOrientationPortrait UIInterfaceOrientationLandscapeLeft UIInterfaceOrientationLandscapeRight";
				LD_RUNPATH_SEARCH_PATHS = (
					"$(inherited)",
					"@executable_path/Frameworks",
				);
				MARKETING_VERSION = 1.0;
				PRODUCT_BUNDLE_IDENTIFIER = com.ohjun.CapstoneDesign;
				PRODUCT_NAME = "$(TARGET_NAME)";
				SWIFT_EMIT_LOC_STRINGS = YES;
				SWIFT_VERSION = 5.0;
				TARGETED_DEVICE_FAMILY = "1,2";
			};
			name = Debug;
		};
		766924F427969B0E00DB0795 /* Release */ = {
			isa = XCBuildConfiguration;
			baseConfigurationReference = 0DA6DA06F15FD6A809E609CA /* Pods-CapstoneDesign.release.xcconfig */;
			buildSettings = {
				ASSETCATALOG_COMPILER_APPICON_NAME = AppIcon;
				ASSETCATALOG_COMPILER_GLOBAL_ACCENT_COLOR_NAME = AccentColor;
				CODE_SIGN_STYLE = Automatic;
				CURRENT_PROJECT_VERSION = 1;
				DEVELOPMENT_TEAM = Y7PRM9H29K;
				GENERATE_INFOPLIST_FILE = YES;
				INFOPLIST_FILE = CapstoneDesign/Info.plist;
				INFOPLIST_KEY_UIApplicationSupportsIndirectInputEvents = YES;
				INFOPLIST_KEY_UILaunchStoryboardName = LaunchScreen;
				INFOPLIST_KEY_UIMainStoryboardFile = Main;
				INFOPLIST_KEY_UISupportedInterfaceOrientations_iPad = "UIInterfaceOrientationPortrait UIInterfaceOrientationPortraitUpsideDown UIInterfaceOrientationLandscapeLeft UIInterfaceOrientationLandscapeRight";
				INFOPLIST_KEY_UISupportedInterfaceOrientations_iPhone = "UIInterfaceOrientationPortrait UIInterfaceOrientationLandscapeLeft UIInterfaceOrientationLandscapeRight";
				LD_RUNPATH_SEARCH_PATHS = (
					"$(inherited)",
					"@executable_path/Frameworks",
				);
				MARKETING_VERSION = 1.0;
				PRODUCT_BUNDLE_IDENTIFIER = com.ohjun.CapstoneDesign;
				PRODUCT_NAME = "$(TARGET_NAME)";
				SWIFT_EMIT_LOC_STRINGS = YES;
				SWIFT_VERSION = 5.0;
				TARGETED_DEVICE_FAMILY = "1,2";
			};
			name = Release;
		};
/* End XCBuildConfiguration section */

/* Begin XCConfigurationList section */
		766924D927969B0D00DB0795 /* Build configuration list for PBXProject "CapstoneDesign" */ = {
			isa = XCConfigurationList;
			buildConfigurations = (
				766924F027969B0E00DB0795 /* Debug */,
				766924F127969B0E00DB0795 /* Release */,
			);
			defaultConfigurationIsVisible = 0;
			defaultConfigurationName = Release;
		};
		766924F227969B0E00DB0795 /* Build configuration list for PBXNativeTarget "CapstoneDesign" */ = {
			isa = XCConfigurationList;
			buildConfigurations = (
				766924F327969B0E00DB0795 /* Debug */,
				766924F427969B0E00DB0795 /* Release */,
			);
			defaultConfigurationIsVisible = 0;
			defaultConfigurationName = Release;
		};
/* End XCConfigurationList section */
	};
	rootObject = 766924D627969B0D00DB0795 /* Project object */;
}
